
Microsoft Visual Studio Solution File, Format Version 12.00
# Visual Studio 2012
Project("{FAE04EC0-301F-11D3-BF4B-00C04F79EFBC}") = "Serenity", "Serenity\Serenity.csproj", "{900A0419-3579-4DAE-85BE-71A3E4B34239}"
EndProject
Project("{FAE04EC0-301F-11D3-BF4B-00C04F79EFBC}") = "Serenity.Testing", "Serenity.Testing\Serenity.Testing.csproj", "{5E69E72A-B92F-47BE-B7F7-6E6A926EC90F}"
EndProject
Project("{FAE04EC0-301F-11D3-BF4B-00C04F79EFBC}") = "SerenityRunner", "SerenityRunner\SerenityRunner.csproj", "{FC5172BC-C96A-4656-B87B-36978B19AD85}"
EndProject
Project("{FAE04EC0-301F-11D3-BF4B-00C04F79EFBC}") = "KayakTestApplication", "KayakTestApplication\KayakTestApplication.csproj", "{68CC89AB-EE8B-4B2D-9BA0-8B0FBF460446}"
EndProject
Project("{2150E333-8FDC-42A3-9474-1A3956D46DE8}") = "Solution Items", "Solution Items", "{E475E21A-53E8-45D5-A485-F1CF64EFAC77}"
	ProjectSection(SolutionItems) = preProject
		..\rakefile.rb = ..\rakefile.rb
	EndProjectSection
EndProject
Project("{FAE04EC0-301F-11D3-BF4B-00C04F79EFBC}") = "JasmineTestApplication", "JasmineTestApplication\JasmineTestApplication.csproj", "{1A010C0A-40CE-43C7-92C8-320AB24A57BF}"
EndProject
Global
	GlobalSection(SolutionConfigurationPlatforms) = preSolution
		Debug|Any CPU = Debug|Any CPU
		Debug|Mixed Platforms = Debug|Mixed Platforms
		Debug|x86 = Debug|x86
		Release|Any CPU = Release|Any CPU
		Release|Mixed Platforms = Release|Mixed Platforms
		Release|x86 = Release|x86
	EndGlobalSection
	GlobalSection(ProjectConfigurationPlatforms) = postSolution
		{900A0419-3579-4DAE-85BE-71A3E4B34239}.Debug|Any CPU.ActiveCfg = Debug|Any CPU
		{900A0419-3579-4DAE-85BE-71A3E4B34239}.Debug|Any CPU.Build.0 = Debug|Any CPU
		{900A0419-3579-4DAE-85BE-71A3E4B34239}.Debug|Mixed Platforms.ActiveCfg = Debug|Any CPU
		{900A0419-3579-4DAE-85BE-71A3E4B34239}.Debug|Mixed Platforms.Build.0 = Debug|Any CPU
		{900A0419-3579-4DAE-85BE-71A3E4B34239}.Debug|x86.ActiveCfg = Debug|Any CPU
		{900A0419-3579-4DAE-85BE-71A3E4B34239}.Release|Any CPU.ActiveCfg = Release|Any CPU
		{900A0419-3579-4DAE-85BE-71A3E4B34239}.Release|Any CPU.Build.0 = Release|Any CPU
		{900A0419-3579-4DAE-85BE-71A3E4B34239}.Release|Mixed Platforms.ActiveCfg = Release|Any CPU
		{900A0419-3579-4DAE-85BE-71A3E4B34239}.Release|Mixed Platforms.Build.0 = Release|Any CPU
		{900A0419-3579-4DAE-85BE-71A3E4B34239}.Release|x86.ActiveCfg = Release|Any CPU
		{5E69E72A-B92F-47BE-B7F7-6E6A926EC90F}.Debug|Any CPU.ActiveCfg = Debug|Any CPU
		{5E69E72A-B92F-47BE-B7F7-6E6A926EC90F}.Debug|Any CPU.Build.0 = Debug|Any CPU
		{5E69E72A-B92F-47BE-B7F7-6E6A926EC90F}.Debug|Mixed Platforms.ActiveCfg = Debug|Any CPU
		{5E69E72A-B92F-47BE-B7F7-6E6A926EC90F}.Debug|Mixed Platforms.Build.0 = Debug|Any CPU
		{5E69E72A-B92F-47BE-B7F7-6E6A926EC90F}.Debug|x86.ActiveCfg = Debug|Any CPU
		{5E69E72A-B92F-47BE-B7F7-6E6A926EC90F}.Release|Any CPU.ActiveCfg = Release|Any CPU
		{5E69E72A-B92F-47BE-B7F7-6E6A926EC90F}.Release|Any CPU.Build.0 = Release|Any CPU
		{5E69E72A-B92F-47BE-B7F7-6E6A926EC90F}.Release|Mixed Platforms.ActiveCfg = Release|Any CPU
		{5E69E72A-B92F-47BE-B7F7-6E6A926EC90F}.Release|Mixed Platforms.Build.0 = Release|Any CPU
		{5E69E72A-B92F-47BE-B7F7-6E6A926EC90F}.Release|x86.ActiveCfg = Release|Any CPU
		{FC5172BC-C96A-4656-B87B-36978B19AD85}.Debug|Any CPU.ActiveCfg = Debug|x86
		{FC5172BC-C96A-4656-B87B-36978B19AD85}.Debug|Mixed Platforms.ActiveCfg = Debug|x86
		{FC5172BC-C96A-4656-B87B-36978B19AD85}.Debug|Mixed Platforms.Build.0 = Debug|x86
		{FC5172BC-C96A-4656-B87B-36978B19AD85}.Debug|x86.ActiveCfg = Debug|x86
		{FC5172BC-C96A-4656-B87B-36978B19AD85}.Debug|x86.Build.0 = Debug|x86
		{FC5172BC-C96A-4656-B87B-36978B19AD85}.Release|Any CPU.ActiveCfg = Release|x86
		{FC5172BC-C96A-4656-B87B-36978B19AD85}.Release|Mixed Platforms.ActiveCfg = Release|x86
		{FC5172BC-C96A-4656-B87B-36978B19AD85}.Release|Mixed Platforms.Build.0 = Release|x86
		{FC5172BC-C96A-4656-B87B-36978B19AD85}.Release|x86.ActiveCfg = Release|x86
		{FC5172BC-C96A-4656-B87B-36978B19AD85}.Release|x86.Build.0 = Release|x86
		{68CC89AB-EE8B-4B2D-9BA0-8B0FBF460446}.Debug|Any CPU.ActiveCfg = Debug|Any CPU
		{68CC89AB-EE8B-4B2D-9BA0-8B0FBF460446}.Debug|Any CPU.Build.0 = Debug|Any CPU
		{68CC89AB-EE8B-4B2D-9BA0-8B0FBF460446}.Debug|Mixed Platforms.ActiveCfg = Debug|Any CPU
		{68CC89AB-EE8B-4B2D-9BA0-8B0FBF460446}.Debug|Mixed Platforms.Build.0 = Debug|Any CPU
		{68CC89AB-EE8B-4B2D-9BA0-8B0FBF460446}.Debug|x86.ActiveCfg = Debug|Any CPU
		{68CC89AB-EE8B-4B2D-9BA0-8B0FBF460446}.Release|Any CPU.ActiveCfg = Release|Any CPU
		{68CC89AB-EE8B-4B2D-9BA0-8B0FBF460446}.Release|Any CPU.Build.0 = Release|Any CPU
		{68CC89AB-EE8B-4B2D-9BA0-8B0FBF460446}.Release|Mixed Platforms.ActiveCfg = Release|Any CPU
		{68CC89AB-EE8B-4B2D-9BA0-8B0FBF460446}.Release|Mixed Platforms.Build.0 = Release|Any CPU
		{68CC89AB-EE8B-4B2D-9BA0-8B0FBF460446}.Release|x86.ActiveCfg = Release|Any CPU
		{1A010C0A-40CE-43C7-92C8-320AB24A57BF}.Debug|Any CPU.ActiveCfg = Debug|Any CPU
		{1A010C0A-40CE-43C7-92C8-320AB24A57BF}.Debug|Any CPU.Build.0 = Debug|Any CPU
		{1A010C0A-40CE-43C7-92C8-320AB24A57BF}.Debug|Mixed Platforms.ActiveCfg = Debug|Any CPU
		{1A010C0A-40CE-43C7-92C8-320AB24A57BF}.Debug|Mixed Platforms.Build.0 = Debug|Any CPU
		{1A010C0A-40CE-43C7-92C8-320AB24A57BF}.Debug|x86.ActiveCfg = Debug|Any CPU
		{1A010C0A-40CE-43C7-92C8-320AB24A57BF}.Release|Any CPU.ActiveCfg = Release|Any CPU
		{1A010C0A-40CE-43C7-92C8-320AB24A57BF}.Release|Any CPU.Build.0 = Release|Any CPU
		{1A010C0A-40CE-43C7-92C8-320AB24A57BF}.Release|Mixed Platforms.ActiveCfg = Release|Any CPU
		{1A010C0A-40CE-43C7-92C8-320AB24A57BF}.Release|Mixed Platforms.Build.0 = Release|Any CPU
		{1A010C0A-40CE-43C7-92C8-320AB24A57BF}.Release|x86.ActiveCfg = Release|Any CPU
	EndGlobalSection
	GlobalSection(SolutionProperties) = preSolution
		HideSolutionNode = FALSE
	EndGlobalSection
EndGlobal
